
Microsoft Visual Studio Solution File, Format Version 12.00
# Visual Studio Version 16
VisualStudioVersion = 16.0.31424.327
MinimumVisualStudioVersion = 10.0.40219.1
Project("{FAE04EC0-301F-11D3-BF4B-00C04F79EFBC}") = "NetcoreRabbitmq", "NetcoreRabbitmq\NetcoreRabbitmq.csproj", "{EA9ADE20-BE3E-40DF-B41E-C715AF334C15}"
EndProject
Global
	GlobalSection(SolutionConfigurationPlatforms) = preSolution
		Debug|Any CPU = Debug|Any CPU
		Release|Any CPU = Release|Any CPU
	EndGlobalSection
	GlobalSection(ProjectConfigurationPlatforms) = postSolution
		{EA9ADE20-BE3E-40DF-B41E-C715AF334C15}.Debug|Any CPU.ActiveCfg = Debug|Any CPU
		{EA9ADE20-BE3E-40DF-B41E-C715AF334C15}.Debug|Any CPU.Build.0 = Debug|Any CPU
		{EA9ADE20-BE3E-40DF-B41E-C715AF334C15}.Release|Any CPU.ActiveCfg = Release|Any CPU
		{EA9ADE20-BE3E-40DF-B41E-C715AF334C15}.Release|Any CPU.Build.0 = Release|Any CPU
	EndGlobalSection
	GlobalSection(SolutionProperties) = preSolution
		HideSolutionNode = FALSE
	EndGlobalSection
	GlobalSection(ExtensibilityGlobals) = postSolution
		SolutionGuid = {523FC664-8F19-4015-8218-0695A749503A}
	EndGlobalSection
EndGlobal
